
Microsoft Visual Studio Solution File, Format Version 12.00
# Visual Studio Version 17
VisualStudioVersion = 17.5.002.0
MinimumVisualStudioVersion = 10.0.40219.1
Project("{2150E333-8FDC-42A3-9474-1A3956D46DE8}") = "sandbox", "sandbox", "{CA0E274D-9495-4FBA-9127-9083F56AC0B6}"
EndProject
Project("{9A19103F-16F7-4668-BE54-9A1E7A4F7556}") = "sandbox_project", "sandbox\sandbox_project\sandbox_project.csproj", "{0EA008C9-CC11-4AD8-AD12-3A4E496CB2B5}"
EndProject
Project("{2150E333-8FDC-42A3-9474-1A3956D46DE8}") = "week01", "week01", "{9ABEA3DD-0568-422B-8622-B56CE1208BC1}"
EndProject
Project("{9A19103F-16F7-4668-BE54-9A1E7A4F7556}") = "analyze", "week01\analyze\analyze.csproj", "{CA29562D-AE50-47F9-A144-10BAECA16C62}"
EndProject
Project("{9A19103F-16F7-4668-BE54-9A1E7A4F7556}") = "code", "week01\code\code.csproj", "{35E3F84B-D15B-4076-B6B1-8C50315D237C}"
EndProject
Project("{9A19103F-16F7-4668-BE54-9A1E7A4F7556}") = "teach", "week01\teach\teach.csproj", "{A0FE1720-4137-4387-B4B8-92D442EE76C1}"
EndProject
Project("{2150E333-8FDC-42A3-9474-1A3956D46DE8}") = "week02", "week02", "{22FE6EB1-B0FE-41F4-8531-4CFFF4A6E404}"
EndProject
Project("{9A19103F-16F7-4668-BE54-9A1E7A4F7556}") = "analyze", "week02\analyze\analyze.csproj", "{25FA8BD4-1464-49F6-BC68-D0015FBE0483}"
EndProject
Project("{9A19103F-16F7-4668-BE54-9A1E7A4F7556}") = "code", "week02\code\code.csproj", "{91C8B860-183C-49C1-84CB-3ADED513B3D3}"
EndProject
Project("{9A19103F-16F7-4668-BE54-9A1E7A4F7556}") = "learn", "week02\learn\learn.csproj", "{61CB3BC9-4B25-4060-BD8B-F83244F0B6FE}"
EndProject
Project("{9A19103F-16F7-4668-BE54-9A1E7A4F7556}") = "teach", "week02\teach\teach.csproj", "{464AD352-8221-4B66-BD2F-2E8FB14AAE70}"
EndProject
Project("{2150E333-8FDC-42A3-9474-1A3956D46DE8}") = "week03", "week03", "{B3DAC4F4-42D8-4992-9E84-C8573851DA72}"
EndProject
Project("{9A19103F-16F7-4668-BE54-9A1E7A4F7556}") = "code", "week03\code\code.csproj", "{66E7D765-07FA-4F55-90AF-84C11010CD94}"
EndProject
Project("{9A19103F-16F7-4668-BE54-9A1E7A4F7556}") = "learn", "week03\learn\learn.csproj", "{72B0292B-3B09-4588-9769-D7860B7B933B}"
EndProject
Project("{9A19103F-16F7-4668-BE54-9A1E7A4F7556}") = "teach", "week03\teach\teach.csproj", "{1D1495B3-D825-4BC3-900E-38CA4415B16F}"
EndProject
Project("{2150E333-8FDC-42A3-9474-1A3956D46DE8}") = "week04", "week04", "{9E97EE99-1AEA-4D0B-8C12-49F9A3B5B305}"
EndProject
Project("{9A19103F-16F7-4668-BE54-9A1E7A4F7556}") = "code", "week04\code\code.csproj", "{63A4A67E-E4FA-43F5-BAB5-8ADC69D257F2}"
EndProject
Project("{2150E333-8FDC-42A3-9474-1A3956D46DE8}") = "week05", "week05", "{58F28E1A-C3E1-4C02-9D1B-74C64C9B6901}"
EndProject
Project("{9A19103F-16F7-4668-BE54-9A1E7A4F7556}") = "code", "week05\code\code.csproj", "{409E5FFD-7F07-4650-9E28-EE724ECEF76F}"
EndProject
Project("{2150E333-8FDC-42A3-9474-1A3956D46DE8}") = "week06", "week06", "{097FD165-504E-4403-B10C-D0D21E318CC1}"
EndProject
Project("{9A19103F-16F7-4668-BE54-9A1E7A4F7556}") = "code", "week06\code\code.csproj", "{010FB157-34FC-47A3-8DFA-2B3434818027}"
EndProject
Global
	GlobalSection(SolutionConfigurationPlatforms) = preSolution
		Debug|Any CPU = Debug|Any CPU
		Release|Any CPU = Release|Any CPU
	EndGlobalSection
	GlobalSection(ProjectConfigurationPlatforms) = postSolution
		{0EA008C9-CC11-4AD8-AD12-3A4E496CB2B5}.Debug|Any CPU.ActiveCfg = Debug|Any CPU
		{0EA008C9-CC11-4AD8-AD12-3A4E496CB2B5}.Debug|Any CPU.Build.0 = Debug|Any CPU
		{0EA008C9-CC11-4AD8-AD12-3A4E496CB2B5}.Release|Any CPU.ActiveCfg = Release|Any CPU
		{0EA008C9-CC11-4AD8-AD12-3A4E496CB2B5}.Release|Any CPU.Build.0 = Release|Any CPU
		{CA29562D-AE50-47F9-A144-10BAECA16C62}.Debug|Any CPU.ActiveCfg = Debug|Any CPU
		{CA29562D-AE50-47F9-A144-10BAECA16C62}.Debug|Any CPU.Build.0 = Debug|Any CPU
		{CA29562D-AE50-47F9-A144-10BAECA16C62}.Release|Any CPU.ActiveCfg = Release|Any CPU
		{CA29562D-AE50-47F9-A144-10BAECA16C62}.Release|Any CPU.Build.0 = Release|Any CPU
		{35E3F84B-D15B-4076-B6B1-8C50315D237C}.Debug|Any CPU.ActiveCfg = Debug|Any CPU
		{35E3F84B-D15B-4076-B6B1-8C50315D237C}.Debug|Any CPU.Build.0 = Debug|Any CPU
		{35E3F84B-D15B-4076-B6B1-8C50315D237C}.Release|Any CPU.ActiveCfg = Release|Any CPU
		{35E3F84B-D15B-4076-B6B1-8C50315D237C}.Release|Any CPU.Build.0 = Release|Any CPU
		{A0FE1720-4137-4387-B4B8-92D442EE76C1}.Debug|Any CPU.ActiveCfg = Debug|Any CPU
		{A0FE1720-4137-4387-B4B8-92D442EE76C1}.Debug|Any CPU.Build.0 = Debug|Any CPU
		{A0FE1720-4137-4387-B4B8-92D442EE76C1}.Release|Any CPU.ActiveCfg = Release|Any CPU
		{A0FE1720-4137-4387-B4B8-92D442EE76C1}.Release|Any CPU.Build.0 = Release|Any CPU
		{25FA8BD4-1464-49F6-BC68-D0015FBE0483}.Debug|Any CPU.ActiveCfg = Debug|Any CPU
		{25FA8BD4-1464-49F6-BC68-D0015FBE0483}.Debug|Any CPU.Build.0 = Debug|Any CPU
		{25FA8BD4-1464-49F6-BC68-D0015FBE0483}.Release|Any CPU.ActiveCfg = Release|Any CPU
		{25FA8BD4-1464-49F6-BC68-D0015FBE0483}.Release|Any CPU.Build.0 = Release|Any CPU
		{91C8B860-183C-49C1-84CB-3ADED513B3D3}.Debug|Any CPU.ActiveCfg = Debug|Any CPU
		{91C8B860-183C-49C1-84CB-3ADED513B3D3}.Debug|Any CPU.Build.0 = Debug|Any CPU
		{91C8B860-183C-49C1-84CB-3ADED513B3D3}.Release|Any CPU.ActiveCfg = Release|Any CPU
		{91C8B860-183C-49C1-84CB-3ADED513B3D3}.Release|Any CPU.Build.0 = Release|Any CPU
		{61CB3BC9-4B25-4060-BD8B-F83244F0B6FE}.Debug|Any CPU.ActiveCfg = Debug|Any CPU
		{61CB3BC9-4B25-4060-BD8B-F83244F0B6FE}.Debug|Any CPU.Build.0 = Debug|Any CPU
		{61CB3BC9-4B25-4060-BD8B-F83244F0B6FE}.Release|Any CPU.ActiveCfg = Release|Any CPU
		{61CB3BC9-4B25-4060-BD8B-F83244F0B6FE}.Release|Any CPU.Build.0 = Release|Any CPU
		{464AD352-8221-4B66-BD2F-2E8FB14AAE70}.Debug|Any CPU.ActiveCfg = Debug|Any CPU
		{464AD352-8221-4B66-BD2F-2E8FB14AAE70}.Debug|Any CPU.Build.0 = Debug|Any CPU
		{464AD352-8221-4B66-BD2F-2E8FB14AAE70}.Release|Any CPU.ActiveCfg = Release|Any CPU
		{464AD352-8221-4B66-BD2F-2E8FB14AAE70}.Release|Any CPU.Build.0 = Release|Any CPU
		{66E7D765-07FA-4F55-90AF-84C11010CD94}.Debug|Any CPU.ActiveCfg = Debug|Any CPU
		{66E7D765-07FA-4F55-90AF-84C11010CD94}.Debug|Any CPU.Build.0 = Debug|Any CPU
		{66E7D765-07FA-4F55-90AF-84C11010CD94}.Release|Any CPU.ActiveCfg = Release|Any CPU
		{66E7D765-07FA-4F55-90AF-84C11010CD94}.Release|Any CPU.Build.0 = Release|Any CPU
		{72B0292B-3B09-4588-9769-D7860B7B933B}.Debug|Any CPU.ActiveCfg = Debug|Any CPU
		{72B0292B-3B09-4588-9769-D7860B7B933B}.Debug|Any CPU.Build.0 = Debug|Any CPU
		{72B0292B-3B09-4588-9769-D7860B7B933B}.Release|Any CPU.ActiveCfg = Release|Any CPU
		{72B0292B-3B09-4588-9769-D7860B7B933B}.Release|Any CPU.Build.0 = Release|Any CPU
		{1D1495B3-D825-4BC3-900E-38CA4415B16F}.Debug|Any CPU.ActiveCfg = Debug|Any CPU
		{1D1495B3-D825-4BC3-900E-38CA4415B16F}.Debug|Any CPU.Build.0 = Debug|Any CPU
		{1D1495B3-D825-4BC3-900E-38CA4415B16F}.Release|Any CPU.ActiveCfg = Release|Any CPU
		{1D1495B3-D825-4BC3-900E-38CA4415B16F}.Release|Any CPU.Build.0 = Release|Any CPU
		{63A4A67E-E4FA-43F5-BAB5-8ADC69D257F2}.Debug|Any CPU.ActiveCfg = Debug|Any CPU
		{63A4A67E-E4FA-43F5-BAB5-8ADC69D257F2}.Debug|Any CPU.Build.0 = Debug|Any CPU
		{63A4A67E-E4FA-43F5-BAB5-8ADC69D257F2}.Release|Any CPU.ActiveCfg = Release|Any CPU
		{63A4A67E-E4FA-43F5-BAB5-8ADC69D257F2}.Release|Any CPU.Build.0 = Release|Any CPU
		{409E5FFD-7F07-4650-9E28-EE724ECEF76F}.Debug|Any CPU.ActiveCfg = Debug|Any CPU
		{409E5FFD-7F07-4650-9E28-EE724ECEF76F}.Debug|Any CPU.Build.0 = Debug|Any CPU
		{409E5FFD-7F07-4650-9E28-EE724ECEF76F}.Release|Any CPU.ActiveCfg = Release|Any CPU
		{409E5FFD-7F07-4650-9E28-EE724ECEF76F}.Release|Any CPU.Build.0 = Release|Any CPU
		{010FB157-34FC-47A3-8DFA-2B3434818027}.Debug|Any CPU.ActiveCfg = Debug|Any CPU
		{010FB157-34FC-47A3-8DFA-2B3434818027}.Debug|Any CPU.Build.0 = Debug|Any CPU
		{010FB157-34FC-47A3-8DFA-2B3434818027}.Release|Any CPU.ActiveCfg = Release|Any CPU
		{010FB157-34FC-47A3-8DFA-2B3434818027}.Release|Any CPU.Build.0 = Release|Any CPU
	EndGlobalSection
	GlobalSection(SolutionProperties) = preSolution
		HideSolutionNode = FALSE
	EndGlobalSection
	GlobalSection(NestedProjects) = preSolution
		{0EA008C9-CC11-4AD8-AD12-3A4E496CB2B5} = {CA0E274D-9495-4FBA-9127-9083F56AC0B6}
		{CA29562D-AE50-47F9-A144-10BAECA16C62} = {9ABEA3DD-0568-422B-8622-B56CE1208BC1}
		{35E3F84B-D15B-4076-B6B1-8C50315D237C} = {9ABEA3DD-0568-422B-8622-B56CE1208BC1}
		{A0FE1720-4137-4387-B4B8-92D442EE76C1} = {9ABEA3DD-0568-422B-8622-B56CE1208BC1}
		{25FA8BD4-1464-49F6-BC68-D0015FBE0483} = {22FE6EB1-B0FE-41F4-8531-4CFFF4A6E404}
		{91C8B860-183C-49C1-84CB-3ADED513B3D3} = {22FE6EB1-B0FE-41F4-8531-4CFFF4A6E404}
		{61CB3BC9-4B25-4060-BD8B-F83244F0B6FE} = {22FE6EB1-B0FE-41F4-8531-4CFFF4A6E404}
		{464AD352-8221-4B66-BD2F-2E8FB14AAE70} = {22FE6EB1-B0FE-41F4-8531-4CFFF4A6E404}
		{66E7D765-07FA-4F55-90AF-84C11010CD94} = {B3DAC4F4-42D8-4992-9E84-C8573851DA72}
		{72B0292B-3B09-4588-9769-D7860B7B933B} = {B3DAC4F4-42D8-4992-9E84-C8573851DA72}
		{1D1495B3-D825-4BC3-900E-38CA4415B16F} = {B3DAC4F4-42D8-4992-9E84-C8573851DA72}
		{63A4A67E-E4FA-43F5-BAB5-8ADC69D257F2} = {9E97EE99-1AEA-4D0B-8C12-49F9A3B5B305}
		{409E5FFD-7F07-4650-9E28-EE724ECEF76F} = {58F28E1A-C3E1-4C02-9D1B-74C64C9B6901}
		{010FB157-34FC-47A3-8DFA-2B3434818027} = {097FD165-504E-4403-B10C-D0D21E318CC1}
	EndGlobalSection
	GlobalSection(ExtensibilityGlobals) = postSolution
		SolutionGuid = {B947BF46-F949-4F27-BD46-C345919C8494}
	EndGlobalSection
EndGlobal
